// !$*UTF8*$!
{
	archiveVersion = 1;
	classes = {
	};
	objectVersion = 56;
	objects = {

/* Begin PBXBuildFile section */
		52AAEB282BD519E7004C869D /* AppDelegate.swift in Sources */ = {isa = PBXBuildFile; fileRef = 52AAEB272BD519E7004C869D /* AppDelegate.swift */; };
		52AAEB2A2BD519E7004C869D /* SceneDelegate.swift in Sources */ = {isa = PBXBuildFile; fileRef = 52AAEB292BD519E7004C869D /* SceneDelegate.swift */; };
		52AAEB312BD519EB004C869D /* Assets.xcassets in Resources */ = {isa = PBXBuildFile; fileRef = 52AAEB302BD519EB004C869D /* Assets.xcassets */; };
		52AAEB342BD519EB004C869D /* Base in Resources */ = {isa = PBXBuildFile; fileRef = 52AAEB332BD519EB004C869D /* Base */; };
		52AAEB3D2BD51ADA004C869D /* MainScreen.swift in Sources */ = {isa = PBXBuildFile; fileRef = 52AAEB3C2BD51ADA004C869D /* MainScreen.swift */; };
		52AAEB402BD51C5C004C869D /* CountryModel.swift in Sources */ = {isa = PBXBuildFile; fileRef = 52AAEB3F2BD51C5C004C869D /* CountryModel.swift */; };
		52AAEB432BD520E0004C869D /* CountryCell.swift in Sources */ = {isa = PBXBuildFile; fileRef = 52AAEB422BD520E0004C869D /* CountryCell.swift */; };
		52AAEB452BD5299D004C869D /* NetworkService.swift in Sources */ = {isa = PBXBuildFile; fileRef = 52AAEB442BD5299D004C869D /* NetworkService.swift */; };
		52AAEB492BD56F14004C869D /* SecondScreen.swift in Sources */ = {isa = PBXBuildFile; fileRef = 52AAEB482BD56F14004C869D /* SecondScreen.swift */; };
/* End PBXBuildFile section */

/* Begin PBXFileReference section */
		52AAEB242BD519E7004C869D /* lecture20.app */ = {isa = PBXFileReference; explicitFileType = wrapper.application; includeInIndex = 0; path = lecture20.app; sourceTree = BUILT_PRODUCTS_DIR; };
		52AAEB272BD519E7004C869D /* AppDelegate.swift */ = {isa = PBXFileReference; lastKnownFileType = sourcecode.swift; path = AppDelegate.swift; sourceTree = "<group>"; };
		52AAEB292BD519E7004C869D /* SceneDelegate.swift */ = {isa = PBXFileReference; lastKnownFileType = sourcecode.swift; path = SceneDelegate.swift; sourceTree = "<group>"; };
		52AAEB302BD519EB004C869D /* Assets.xcassets */ = {isa = PBXFileReference; lastKnownFileType = folder.assetcatalog; path = Assets.xcassets; sourceTree = "<group>"; };
		52AAEB332BD519EB004C869D /* Base */ = {isa = PBXFileReference; lastKnownFileType = file.storyboard; name = Base; path = Base.lproj/LaunchScreen.storyboard; sourceTree = "<group>"; };
		52AAEB352BD519EB004C869D /* Info.plist */ = {isa = PBXFileReference; lastKnownFileType = text.plist.xml; path = Info.plist; sourceTree = "<group>"; };
		52AAEB3C2BD51ADA004C869D /* MainScreen.swift */ = {isa = PBXFileReference; lastKnownFileType = sourcecode.swift; path = MainScreen.swift; sourceTree = "<group>"; };
		52AAEB3F2BD51C5C004C869D /* CountryModel.swift */ = {isa = PBXFileReference; lastKnownFileType = sourcecode.swift; path = CountryModel.swift; sourceTree = "<group>"; };
		52AAEB422BD520E0004C869D /* CountryCell.swift */ = {isa = PBXFileReference; lastKnownFileType = sourcecode.swift; path = CountryCell.swift; sourceTree = "<group>"; };
		52AAEB442BD5299D004C869D /* NetworkService.swift */ = {isa = PBXFileReference; lastKnownFileType = sourcecode.swift; path = NetworkService.swift; sourceTree = "<group>"; };
		52AAEB482BD56F14004C869D /* SecondScreen.swift */ = {isa = PBXFileReference; lastKnownFileType = sourcecode.swift; path = SecondScreen.swift; sourceTree = "<group>"; };
/* End PBXFileReference section */

/* Begin PBXFrameworksBuildPhase section */
		52AAEB212BD519E7004C869D /* Frameworks */ = {
			isa = PBXFrameworksBuildPhase;
			buildActionMask = 2147483647;
			files = (
			);
			runOnlyForDeploymentPostprocessing = 0;
		};
/* End PBXFrameworksBuildPhase section */

/* Begin PBXGroup section */
		52AAEB1B2BD519E7004C869D = {
			isa = PBXGroup;
			children = (
				52AAEB3B2BD51A6D004C869D /* Controllers */,
				52AAEB412BD520BA004C869D /* Views */,
				52AAEB3E2BD51C3F004C869D /* CountryModel */,
				52AAEB262BD519E7004C869D /* lecture20 */,
				52AAEB252BD519E7004C869D /* Products */,
			);
			sourceTree = "<group>";
		};
		52AAEB252BD519E7004C869D /* Products */ = {
			isa = PBXGroup;
			children = (
				52AAEB242BD519E7004C869D /* lecture20.app */,
			);
			name = Products;
			sourceTree = "<group>";
		};
		52AAEB262BD519E7004C869D /* lecture20 */ = {
			isa = PBXGroup;
			children = (
				52AAEB272BD519E7004C869D /* AppDelegate.swift */,
				52AAEB292BD519E7004C869D /* SceneDelegate.swift */,
				52AAEB302BD519EB004C869D /* Assets.xcassets */,
				52AAEB322BD519EB004C869D /* LaunchScreen.storyboard */,
				52AAEB352BD519EB004C869D /* Info.plist */,
			);
			path = lecture20;
			sourceTree = "<group>";
		};
		52AAEB3B2BD51A6D004C869D /* Controllers */ = {
			isa = PBXGroup;
			children = (
				52AAEB3C2BD51ADA004C869D /* MainScreen.swift */,
				52AAEB482BD56F14004C869D /* SecondScreen.swift */,
				52AAEB442BD5299D004C869D /* NetworkService.swift */,
			);
			path = Controllers;
			sourceTree = "<group>";
		};
		52AAEB3E2BD51C3F004C869D /* CountryModel */ = {
			isa = PBXGroup;
			children = (
				52AAEB3F2BD51C5C004C869D /* CountryModel.swift */,
			);
			path = CountryModel;
			sourceTree = "<group>";
		};
		52AAEB412BD520BA004C869D /* Views */ = {
			isa = PBXGroup;
			children = (
				52AAEB422BD520E0004C869D /* CountryCell.swift */,
			);
			path = Views;
			sourceTree = "<group>";
		};
/* End PBXGroup section */

/* Begin PBXNativeTarget section */
		52AAEB232BD519E7004C869D /* lecture20 */ = {
			isa = PBXNativeTarget;
			buildConfigurationList = 52AAEB382BD519EB004C869D /* Build configuration list for PBXNativeTarget "lecture20" */;
			buildPhases = (
				52AAEB202BD519E7004C869D /* Sources */,
				52AAEB212BD519E7004C869D /* Frameworks */,
				52AAEB222BD519E7004C869D /* Resources */,
			);
			buildRules = (
			);
			dependencies = (
			);
			name = lecture20;
			productName = lecture20;
			productReference = 52AAEB242BD519E7004C869D /* lecture20.app */;
			productType = "com.apple.product-type.application";
		};
/* End PBXNativeTarget section */

/* Begin PBXProject section */
		52AAEB1C2BD519E7004C869D /* Project object */ = {
			isa = PBXProject;
			attributes = {
				BuildIndependentTargetsInParallel = 1;
				LastSwiftUpdateCheck = 1530;
				LastUpgradeCheck = 1530;
				TargetAttributes = {
					52AAEB232BD519E7004C869D = {
						CreatedOnToolsVersion = 15.3;
					};
				};
			};
			buildConfigurationList = 52AAEB1F2BD519E7004C869D /* Build configuration list for PBXProject "lecture20" */;
			compatibilityVersion = "Xcode 14.0";
			developmentRegion = en;
			hasScannedForEncodings = 0;
			knownRegions = (
				en,
				Base,
			);
			mainGroup = 52AAEB1B2BD519E7004C869D;
			productRefGroup = 52AAEB252BD519E7004C869D /* Products */;
			projectDirPath = "";
			projectRoot = "";
			targets = (
				52AAEB232BD519E7004C869D /* lecture20 */,
			);
		};
/* End PBXProject section */

/* Begin PBXResourcesBuildPhase section */
		52AAEB222BD519E7004C869D /* Resources */ = {
			isa = PBXResourcesBuildPhase;
			buildActionMask = 2147483647;
			files = (
				52AAEB312BD519EB004C869D /* Assets.xcassets in Resources */,
				52AAEB342BD519EB004C869D /* Base in Resources */,
			);
			runOnlyForDeploymentPostprocessing = 0;
		};
/* End PBXResourcesBuildPhase section */

/* Begin PBXSourcesBuildPhase section */
		52AAEB202BD519E7004C869D /* Sources */ = {
			isa = PBXSourcesBuildPhase;
			buildActionMask = 2147483647;
			files = (
				52AAEB3D2BD51ADA004C869D /* MainScreen.swift in Sources */,
				52AAEB282BD519E7004C869D /* AppDelegate.swift in Sources */,
				52AAEB492BD56F14004C869D /* SecondScreen.swift in Sources */,
				52AAEB432BD520E0004C869D /* CountryCell.swift in Sources */,
				52AAEB402BD51C5C004C869D /* CountryModel.swift in Sources */,
				52AAEB452BD5299D004C869D /* NetworkService.swift in Sources */,
				52AAEB2A2BD519E7004C869D /* SceneDelegate.swift in Sources */,
			);
			runOnlyForDeploymentPostprocessing = 0;
		};
/* End PBXSourcesBuildPhase section */

/* Begin PBXVariantGroup section */
		52AAEB322BD519EB004C869D /* LaunchScreen.storyboard */ = {
			isa = PBXVariantGroup;
			children = (
				52AAEB332BD519EB004C869D /* Base */,
			);
			name = LaunchScreen.storyboard;
			sourceTree = "<group>";
		};
/* End PBXVariantGroup section */

/* Begin XCBuildConfiguration section */
		52AAEB362BD519EB004C869D /* Debug */ = {
			isa = XCBuildConfiguration;
			buildSettings = {
				ALWAYS_SEARCH_USER_PATHS = NO;
				ASSETCATALOG_COMPILER_GENERATE_SWIFT_ASSET_SYMBOL_EXTENSIONS = YES;
				CLANG_ANALYZER_NONNULL = YES;
				CLANG_ANALYZER_NUMBER_OBJECT_CONVERSION = YES_AGGRESSIVE;
				CLANG_CXX_LANGUAGE_STANDARD = "gnu++20";
				CLANG_ENABLE_MODULES = YES;
				CLANG_ENABLE_OBJC_ARC = YES;
				CLANG_ENABLE_OBJC_WEAK = YES;
				CLANG_WARN_BLOCK_CAPTURE_AUTORELEASING = YES;
				CLANG_WARN_BOOL_CONVERSION = YES;
				CLANG_WARN_COMMA = YES;
				CLANG_WARN_CONSTANT_CONVERSION = YES;
				CLANG_WARN_DEPRECATED_OBJC_IMPLEMENTATIONS = YES;
				CLANG_WARN_DIRECT_OBJC_ISA_USAGE = YES_ERROR;
				CLANG_WARN_DOCUMENTATION_COMMENTS = YES;
				CLANG_WARN_EMPTY_BODY = YES;
				CLANG_WARN_ENUM_CONVERSION = YES;
				CLANG_WARN_INFINITE_RECURSION = YES;
				CLANG_WARN_INT_CONVERSION = YES;
				CLANG_WARN_NON_LITERAL_NULL_CONVERSION = YES;
				CLANG_WARN_OBJC_IMPLICIT_RETAIN_SELF = YES;
				CLANG_WARN_OBJC_LITERAL_CONVERSION = YES;
				CLANG_WARN_OBJC_ROOT_CLASS = YES_ERROR;
				CLANG_WARN_QUOTED_INCLUDE_IN_FRAMEWORK_HEADER = YES;
				CLANG_WARN_RANGE_LOOP_ANALYSIS = YES;
				CLANG_WARN_STRICT_PROTOTYPES = YES;
				CLANG_WARN_SUSPICIOUS_MOVE = YES;
				CLANG_WARN_UNGUARDED_AVAILABILITY = YES_AGGRESSIVE;
				CLANG_WARN_UNREACHABLE_CODE = YES;
				CLANG_WARN__DUPLICATE_METHOD_MATCH = YES;
				COPY_PHASE_STRIP = NO;
				DEBUG_INFORMATION_FORMAT = dwarf;
				ENABLE_STRICT_OBJC_MSGSEND = YES;
				ENABLE_TESTABILITY = YES;
				ENABLE_USER_SCRIPT_SANDBOXING = YES;
				GCC_C_LANGUAGE_STANDARD = gnu17;
				GCC_DYNAMIC_NO_PIC = NO;
				GCC_NO_COMMON_BLOCKS = YES;
				GCC_OPTIMIZATION_LEVEL = 0;
				GCC_PREPROCESSOR_DEFINITIONS = (
					"DEBUG=1",
					"$(inherited)",
				);
				GCC_WARN_64_TO_32_BIT_CONVERSION = YES;
				GCC_WARN_ABOUT_RETURN_TYPE = YES_ERROR;
				GCC_WARN_UNDECLARED_SELECTOR = YES;
				GCC_WARN_UNINITIALIZED_AUTOS = YES_AGGRESSIVE;
				GCC_WARN_UNUSED_FUNCTION = YES;
				GCC_WARN_UNUSED_VARIABLE = YES;
				IPHONEOS_DEPLOYMENT_TARGET = 17.4;
				LOCALIZATION_PREFERS_STRING_CATALOGS = YES;
				MTL_ENABLE_DEBUG_INFO = INCLUDE_SOURCE;
				MTL_FAST_MATH = YES;
				ONLY_ACTIVE_ARCH = YES;
				SDKROOT = iphoneos;
				SWIFT_ACTIVE_COMPILATION_CONDITIONS = "DEBUG $(inherited)";
				SWIFT_OPTIMIZATION_LEVEL = "-Onone";
			};
			name = Debug;
		};
		52AAEB372BD519EB004C869D /* Release */ = {
			isa = XCBuildConfiguration;
			buildSettings = {
				ALWAYS_SEARCH_USER_PATHS = NO;
				ASSETCATALOG_COMPILER_GENERATE_SWIFT_ASSET_SYMBOL_EXTENSIONS = YES;
				CLANG_ANALYZER_NONNULL = YES;
				CLANG_ANALYZER_NUMBER_OBJECT_CONVERSION = YES_AGGRESSIVE;
				CLANG_CXX_LANGUAGE_STANDARD = "gnu++20";
				CLANG_ENABLE_MODULES = YES;
				CLANG_ENABLE_OBJC_ARC = YES;
				CLANG_ENABLE_OBJC_WEAK = YES;
				CLANG_WARN_BLOCK_CAPTURE_AUTORELEASING = YES;
				CLANG_WARN_BOOL_CONVERSION = YES;
				CLANG_WARN_COMMA = YES;
				CLANG_WARN_CONSTANT_CONVERSION = YES;
				CLANG_WARN_DEPRECATED_OBJC_IMPLEMENTATIONS = YES;
				CLANG_WARN_DIRECT_OBJC_ISA_USAGE = YES_ERROR;
				CLANG_WARN_DOCUMENTATION_COMMENTS = YES;
				CLANG_WARN_EMPTY_BODY = YES;
				CLANG_WARN_ENUM_CONVERSION = YES;
				CLANG_WARN_INFINITE_RECURSION = YES;
				CLANG_WARN_INT_CONVERSION = YES;
				CLANG_WARN_NON_LITERAL_NULL_CONVERSION = YES;
				CLANG_WARN_OBJC_IMPLICIT_RETAIN_SELF = YES;
				CLANG_WARN_OBJC_LITERAL_CONVERSION = YES;
				CLANG_WARN_OBJC_ROOT_CLASS = YES_ERROR;
				CLANG_WARN_QUOTED_INCLUDE_IN_FRAMEWORK_HEADER = YES;
				CLANG_WARN_RANGE_LOOP_ANALYSIS = YES;
				CLANG_WARN_STRICT_PROTOTYPES = YES;
				CLANG_WARN_SUSPICIOUS_MOVE = YES;
				CLANG_WARN_UNGUARDED_AVAILABILITY = YES_AGGRESSIVE;
				CLANG_WARN_UNREACHABLE_CODE = YES;
				CLANG_WARN__DUPLICATE_METHOD_MATCH = YES;
				COPY_PHASE_STRIP = NO;
				DEBUG_INFORMATION_FORMAT = "dwarf-with-dsym";
				ENABLE_NS_ASSERTIONS = NO;
				ENABLE_STRICT_OBJC_MSGSEND = YES;
				ENABLE_USER_SCRIPT_SANDBOXING = YES;
				GCC_C_LANGUAGE_STANDARD = gnu17;
				GCC_NO_COMMON_BLOCKS = YES;
				GCC_WARN_64_TO_32_BIT_CONVERSION = YES;
				GCC_WARN_ABOUT_RETURN_TYPE = YES_ERROR;
				GCC_WARN_UNDECLARED_SELECTOR = YES;
				GCC_WARN_UNINITIALIZED_AUTOS = YES_AGGRESSIVE;
				GCC_WARN_UNUSED_FUNCTION = YES;
				GCC_WARN_UNUSED_VARIABLE = YES;
				IPHONEOS_DEPLOYMENT_TARGET = 17.4;
				LOCALIZATION_PREFERS_STRING_CATALOGS = YES;
				MTL_ENABLE_DEBUG_INFO = NO;
				MTL_FAST_MATH = YES;
				SDKROOT = iphoneos;
				SWIFT_COMPILATION_MODE = wholemodule;
				VALIDATE_PRODUCT = YES;
			};
			name = Release;
		};
		52AAEB392BD519EB004C869D /* Debug */ = {
			isa = XCBuildConfiguration;
			buildSettings = {
				ASSETCATALOG_COMPILER_APPICON_NAME = AppIcon;
				ASSETCATALOG_COMPILER_GLOBAL_ACCENT_COLOR_NAME = AccentColor;
				CODE_SIGN_STYLE = Automatic;
				CURRENT_PROJECT_VERSION = 1;
				GENERATE_INFOPLIST_FILE = YES;
				INFOPLIST_FILE = lecture20/Info.plist;
				INFOPLIST_KEY_UIApplicationSupportsIndirectInputEvents = YES;
				INFOPLIST_KEY_UILaunchStoryboardName = LaunchScreen;
				INFOPLIST_KEY_UISupportedInterfaceOrientations_iPad = "UIInterfaceOrientationPortrait UIInterfaceOrientationPortraitUpsideDown UIInterfaceOrientationLandscapeLeft UIInterfaceOrientationLandscapeRight";
				INFOPLIST_KEY_UISupportedInterfaceOrientations_iPhone = "UIInterfaceOrientationPortrait UIInterfaceOrientationLandscapeLeft UIInterfaceOrientationLandscapeRight";
				IPHONEOS_DEPLOYMENT_TARGET = 17.0;
				LD_RUNPATH_SEARCH_PATHS = (
					"$(inherited)",
					"@executable_path/Frameworks",
				);
				MARKETING_VERSION = 1.0;
				PRODUCT_BUNDLE_IDENTIFIER = ge.TBCacademy.lecture20;
				PRODUCT_NAME = "$(TARGET_NAME)";
				SWIFT_EMIT_LOC_STRINGS = YES;
				SWIFT_VERSION = 5.0;
				TARGETED_DEVICE_FAMILY = "1,2";
			};
			name = Debug;
		};
		52AAEB3A2BD519EB004C869D /* Release */ = {
			isa = XCBuildConfiguration;
			buildSettings = {
				ASSETCATALOG_COMPILER_APPICON_NAME = AppIcon;
				ASSETCATALOG_COMPILER_GLOBAL_ACCENT_COLOR_NAME = AccentColor;
				CODE_SIGN_STYLE = Automatic;
				CURRENT_PROJECT_VERSION = 1;
				GENERATE_INFOPLIST_FILE = YES;
				INFOPLIST_FILE = lecture20/Info.plist;
				INFOPLIST_KEY_UIApplicationSupportsIndirectInputEvents = YES;
				INFOPLIST_KEY_UILaunchStoryboardName = LaunchScreen;
				INFOPLIST_KEY_UISupportedInterfaceOrientations_iPad = "UIInterfaceOrientationPortrait UIInterfaceOrientationPortraitUpsideDown UIInterfaceOrientationLandscapeLeft UIInterfaceOrientationLandscapeRight";
				INFOPLIST_KEY_UISupportedInterfaceOrientations_iPhone = "UIInterfaceOrientationPortrait UIInterfaceOrientationLandscapeLeft UIInterfaceOrientationLandscapeRight";
				IPHONEOS_DEPLOYMENT_TARGET = 17.0;
				LD_RUNPATH_SEARCH_PATHS = (
					"$(inherited)",
					"@executable_path/Frameworks",
				);
				MARKETING_VERSION = 1.0;
				PRODUCT_BUNDLE_IDENTIFIER = ge.TBCacademy.lecture20;
				PRODUCT_NAME = "$(TARGET_NAME)";
				SWIFT_EMIT_LOC_STRINGS = YES;
				SWIFT_VERSION = 5.0;
				TARGETED_DEVICE_FAMILY = "1,2";
			};
			name = Release;
		};
/* End XCBuildConfiguration section */

/* Begin XCConfigurationList section */
		52AAEB1F2BD519E7004C869D /* Build configuration list for PBXProject "lecture20" */ = {
			isa = XCConfigurationList;
			buildConfigurations = (
				52AAEB362BD519EB004C869D /* Debug */,
				52AAEB372BD519EB004C869D /* Release */,
			);
			defaultConfigurationIsVisible = 0;
			defaultConfigurationName = Release;
		};
		52AAEB382BD519EB004C869D /* Build configuration list for PBXNativeTarget "lecture20" */ = {
			isa = XCConfigurationList;
			buildConfigurations = (
				52AAEB392BD519EB004C869D /* Debug */,
				52AAEB3A2BD519EB004C869D /* Release */,
			);
			defaultConfigurationIsVisible = 0;
			defaultConfigurationName = Release;
		};
/* End XCConfigurationList section */
	};
	rootObject = 52AAEB1C2BD519E7004C869D /* Project object */;
}
